{
  "requires": true,
  "lockfileVersion": 1,
  "dependencies": {
    "@altv/types-client": {
      "version": "2.3.7",
      "resolved": "https://registry.npmjs.org/@altv/types-client/-/types-client-2.3.7.tgz",
      "integrity": "sha512-WtOIN2ow+s/lfcZhysvkCWrzUBzXhBUncYhExqHa4ySxi6tVhFRNIH5FNygILvAiFeqQPH52E0oGtBJr7xsu1w=="
    },
    "@altv/types-natives": {
      "version": "1.4.5",
      "resolved": "https://registry.npmjs.org/@altv/types-natives/-/types-natives-1.4.5.tgz",
      "integrity": "sha512-5cy+NmZP5RzkTZbPtjz9tDR5lRMVbczwkaHDjPyJWAQm78/pKH/2gkt2/RcpC5BJ4mUkEZ5+VgJM0D2JhbjtuA=="
    },
    "@altv/types-webview": {
      "version": "1.0.4",
      "resolved": "https://registry.npmjs.org/@altv/types-webview/-/types-webview-1.0.4.tgz",
      "integrity": "sha512-Rb32aPaREoWoxdbAnJsCA0GC5xq0E3IcXTs48ET5pWQ1B67ky0YJFhZl/S1/N6VCqBUz0Kx232VIA+hEkeVyjA==",
      "dev": true
    }
  }
}
